# THIS IS AN AUTOGENERATED FILE. DO NOT EDIT THIS FILE DIRECTLY.
# yarn lockfile v1


"@types/node@^18.11.15":
  version "18.19.84"
  resolved "https://registry.yarnpkg.com/@types/node/-/node-18.19.84.tgz#29a1c36a9241a76351397993635f5b5fdbc2504c"
  integrity sha512-ACYy2HGcZPHxEeWTqowTF7dhXN+JU1o7Gr4b41klnn6pj2LD6rsiGqSZojMdk1Jh2ys3m76ap+ae1vvE4+5+vg==
  dependencies:
    undici-types "~5.26.4"

chalk@^5.0.1:
  version "5.4.1"
  resolved "https://registry.yarnpkg.com/chalk/-/chalk-5.4.1.tgz#1b48bf0963ec158dce2aacf69c093ae2dd2092d8"
  integrity sha512-zgVZuo2WcZgfUEmsn6eO3kINexW8RAE4maiQ8QNs8CtpPCSyMiYsULR3HQYkm3w8FIA3SberyMJMSldGsW+U3w==

mutexify@^1.4.0:
  version "1.4.0"
  resolved "https://registry.yarnpkg.com/mutexify/-/mutexify-1.4.0.tgz#b7f4ac0273c81824b840887c6a6e0bfab14bbe94"
  integrity sha512-pbYSsOrSB/AKN5h/WzzLRMFgZhClWccf2XIB4RSMC8JbquiB0e0/SH5AIfdQMdyHmYtv4seU7yV/TvAwPLJ1Yg==
  dependencies:
    queue-tick "^1.0.0"

nanobench@^3.0.0:
  version "3.0.0"
  resolved "https://registry.yarnpkg.com/nanobench/-/nanobench-3.0.0.tgz#170d391734175fe5b92673af7fb0b42a0da97b08"
  integrity sha512-PaNQpZVmB/hFDQSBExgEJ5/1nzdqaIMUXzwWxFCYRl6j8lFt6kdNAUy1ieyPeMYWQk3AAmRg6UQn4g96J1SgLA==
  dependencies:
    chalk "^5.0.1"
    mutexify "^1.4.0"
    pretty-hrtime "^1.0.2"

pretty-hrtime@^1.0.2:
  version "1.0.3"
  resolved "https://registry.yarnpkg.com/pretty-hrtime/-/pretty-hrtime-1.0.3.tgz#b7e3ea42435a4c9b2759d99e0f201eb195802ee1"
  integrity sha512-66hKPCr+72mlfiSjlEB1+45IjXSqvVAIy6mocupoww4tBFE9R9IhwwUGoI4G++Tc9Aq+2rxOt0RFU6gPcrte0A==

queue-tick@^1.0.0:
  version "1.0.1"
  resolved "https://registry.yarnpkg.com/queue-tick/-/queue-tick-1.0.1.tgz#f6f07ac82c1fd60f82e098b417a80e52f1f4c142"
  integrity sha512-kJt5qhMxoszgU/62PLP1CJytzd2NKetjSRnyuj31fDd3Rlcz3fzlFdFLD1SItunPwyqEOkca6GbV612BWfaBag==

typescript@^5.8.2:
  version "5.8.2"
  resolved "https://registry.yarnpkg.com/typescript/-/typescript-5.8.2.tgz#8170b3702f74b79db2e5a96207c15e65807999e4"
  integrity sha512-aJn6wq13/afZp/jT9QZmwEjDqqvSGp1VT5GVg+f/t6/oVyrgXM6BY1h9BRh/O5p3PlUPAe+WuiEZOmb/49RqoQ==

undici-types@~5.26.4:
  version "5.26.5"
  resolved "https://registry.yarnpkg.com/undici-types/-/undici-types-5.26.5.tgz#bcd539893d00b56e964fd2657a4866b221a65617"
  integrity sha512-JlCMO+ehdEIKqlFxk6IfVoAUVmgz7cU7zD/h9XZ0qzeosSHmUJVOzSQvvYSYWXkFXC+IfLKSIffhv0sVZup6pA==
